
Microsoft Visual Studio Solution File, Format Version 12.00
# Visual Studio Version 17
VisualStudioVersion = 17.1.32421.90
MinimumVisualStudioVersion = 10.0.40219.1
Project("{FAE04EC0-301F-11D3-BF4B-00C04F79EFBC}") = "Assignment4th", "Assignment4th\Assignment4th.csproj", "{93B5CA38-015E-4CAB-8FDD-B3113B391AEA}"
EndProject
Global
	GlobalSection(SolutionConfigurationPlatforms) = preSolution
		Debug|Any CPU = Debug|Any CPU
		Release|Any CPU = Release|Any CPU
	EndGlobalSection
	GlobalSection(ProjectConfigurationPlatforms) = postSolution
		{93B5CA38-015E-4CAB-8FDD-B3113B391AEA}.Debug|Any CPU.ActiveCfg = Debug|Any CPU
		{93B5CA38-015E-4CAB-8FDD-B3113B391AEA}.Debug|Any CPU.Build.0 = Debug|Any CPU
		{93B5CA38-015E-4CAB-8FDD-B3113B391AEA}.Release|Any CPU.ActiveCfg = Release|Any CPU
		{93B5CA38-015E-4CAB-8FDD-B3113B391AEA}.Release|Any CPU.Build.0 = Release|Any CPU
	EndGlobalSection
	GlobalSection(SolutionProperties) = preSolution
		HideSolutionNode = FALSE
	EndGlobalSection
	GlobalSection(ExtensibilityGlobals) = postSolution
		SolutionGuid = {16ACBCCF-51C8-425A-B188-73D7C94A8D75}
	EndGlobalSection
EndGlobal
